// !$*UTF8*$!
{
	archiveVersion = 1;
	classes = {
	};
	objectVersion = 51;
	objects = {

/* Begin PBXBuildFile section */
		C4423F7D23794F3200FD1D4C /* NetworkExtension.framework in Frameworks */ = {isa = PBXBuildFile; fileRef = F4D5969A1F7C01BD00538851 /* NetworkExtension.framework */; };
		C4423F942379559900FD1D4C /* Main.storyboard in Resources */ = {isa = PBXBuildFile; fileRef = C4423F922379559900FD1D4C /* Main.storyboard */; };
		C4423F962379559D00FD1D4C /* Assets.xcassets in Resources */ = {isa = PBXBuildFile; fileRef = C4423F952379559D00FD1D4C /* Assets.xcassets */; };
		C4423F992379559D00FD1D4C /* LaunchScreen.storyboard in Resources */ = {isa = PBXBuildFile; fileRef = C4423F972379559D00FD1D4C /* LaunchScreen.storyboard */; };
		C4423FA3237955C400FD1D4C /* NetworkExtension.framework in Frameworks */ = {isa = PBXBuildFile; fileRef = F4D5969A1F7C01BD00538851 /* NetworkExtension.framework */; };
		C44240102379BB2600FD1D4C /* AppDelegate.m in Sources */ = {isa = PBXBuildFile; fileRef = C4423F8A2379559900FD1D4C /* AppDelegate.m */; };
		C44240112379BB2900FD1D4C /* ViewController.m in Sources */ = {isa = PBXBuildFile; fileRef = C4423F902379559900FD1D4C /* ViewController.m */; };
		C44240122379BB2F00FD1D4C /* main.m in Sources */ = {isa = PBXBuildFile; fileRef = C4423F9B2379559D00FD1D4C /* main.m */; };
		C44240132379BB3800FD1D4C /* SceneDelegate.m in Sources */ = {isa = PBXBuildFile; fileRef = C4423F8D2379559900FD1D4C /* SceneDelegate.m */; };
		C48B7D68239AAB4E004DDDC8 /* filter.txt in Resources */ = {isa = PBXBuildFile; fileRef = C4FAE4A2237BE77800ECE0B2 /* filter.txt */; };
		C4AEED15237AC8A10021E53F /* AGDnsProxy.framework in Frameworks */ = {isa = PBXBuildFile; fileRef = C4AEED14237AC8A10021E53F /* AGDnsProxy.framework */; };
		C4AEED16237AC90C0021E53F /* AGDnsProxy.framework in Frameworks */ = {isa = PBXBuildFile; fileRef = C4AEED14237AC8A10021E53F /* AGDnsProxy.framework */; };
		C4AEED17237AC9100021E53F /* AGDnsProxy.framework in Frameworks */ = {isa = PBXBuildFile; fileRef = C4AEED14237AC8A10021E53F /* AGDnsProxy.framework */; };
		C4AEED18237AC9140021E53F /* AGDnsProxy.framework in Embed Frameworks */ = {isa = PBXBuildFile; fileRef = C4AEED14237AC8A10021E53F /* AGDnsProxy.framework */; settings = {ATTRIBUTES = (CodeSignOnCopy, RemoveHeadersOnCopy, ); }; };
		C4AEED19237AC9170021E53F /* AGDnsProxy.framework in Embed Frameworks */ = {isa = PBXBuildFile; fileRef = C4AEED14237AC8A10021E53F /* AGDnsProxy.framework */; settings = {ATTRIBUTES = (CodeSignOnCopy, RemoveHeadersOnCopy, ); }; };
		C4AEED1A237AC9260021E53F /* AGDnsProxy.framework in Frameworks */ = {isa = PBXBuildFile; fileRef = C4AEED14237AC8A10021E53F /* AGDnsProxy.framework */; };
		C4B58FDB237184390044CE54 /* NetworkExtension.framework in Frameworks */ = {isa = PBXBuildFile; fileRef = F4D5969A1F7C01BD00538851 /* NetworkExtension.framework */; };
		C4FAE493237BE37100ECE0B2 /* AGDnsProxy.framework in Embed Frameworks */ = {isa = PBXBuildFile; fileRef = C4AEED14237AC8A10021E53F /* AGDnsProxy.framework */; settings = {ATTRIBUTES = (CodeSignOnCopy, RemoveHeadersOnCopy, ); }; };
		C4FAE494237BE37600ECE0B2 /* AGDnsProxy.framework in Embed Frameworks */ = {isa = PBXBuildFile; fileRef = C4AEED14237AC8A10021E53F /* AGDnsProxy.framework */; settings = {ATTRIBUTES = (CodeSignOnCopy, RemoveHeadersOnCopy, ); }; };
		C4FAE495237BE41A00ECE0B2 /* ext-ios.appex in Embed App Extensions */ = {isa = PBXBuildFile; fileRef = C4423F7023794EA900FD1D4C /* ext-ios.appex */; settings = {ATTRIBUTES = (RemoveHeadersOnCopy, ); }; };
		C4FAE4A5237BE78E00ECE0B2 /* filter.txt in Resources */ = {isa = PBXBuildFile; fileRef = C4FAE4A2237BE77800ECE0B2 /* filter.txt */; };
		C4FAE4A6237BE79300ECE0B2 /* PacketTunnelProvider.m in Sources */ = {isa = PBXBuildFile; fileRef = C4FAE4A3237BE77800ECE0B2 /* PacketTunnelProvider.m */; };
		C4FAE4A7237BE79600ECE0B2 /* PacketTunnelProvider.m in Sources */ = {isa = PBXBuildFile; fileRef = C4FAE4A3237BE77800ECE0B2 /* PacketTunnelProvider.m */; };
		C4FAE4AB237BE7A900ECE0B2 /* vpn.m in Sources */ = {isa = PBXBuildFile; fileRef = C4FAE49F237BE77800ECE0B2 /* vpn.m */; };
		C4FAE4AC237BE7BB00ECE0B2 /* vpn.m in Sources */ = {isa = PBXBuildFile; fileRef = C4FAE49F237BE77800ECE0B2 /* vpn.m */; };
		F40E749C206D1D6B000F5A41 /* Cocoa.framework in Frameworks */ = {isa = PBXBuildFile; fileRef = F499C4451F6A9D0D00FB55F8 /* Cocoa.framework */; };
		F499C4461F6A9D0D00FB55F8 /* Cocoa.framework in Frameworks */ = {isa = PBXBuildFile; fileRef = F499C4451F6A9D0D00FB55F8 /* Cocoa.framework */; };
		F499C4521F6A9D0D00FB55F8 /* ext-macos.appex in Embed App Extensions */ = {isa = PBXBuildFile; fileRef = F499C4441F6A9D0D00FB55F8 /* ext-macos.appex */; settings = {ATTRIBUTES = (RemoveHeadersOnCopy, ); }; };
		F4AF338D1F696BEE00CA0E84 /* AppDelegate.m in Sources */ = {isa = PBXBuildFile; fileRef = F4AF338C1F696BEE00CA0E84 /* AppDelegate.m */; };
		F4AF33901F696BEE00CA0E84 /* main.m in Sources */ = {isa = PBXBuildFile; fileRef = F4AF338F1F696BEE00CA0E84 /* main.m */; };
		F4AF33931F696BEE00CA0E84 /* ViewController.m in Sources */ = {isa = PBXBuildFile; fileRef = F4AF33921F696BEE00CA0E84 /* ViewController.m */; };
		F4AF33951F696BEE00CA0E84 /* Assets.xcassets in Resources */ = {isa = PBXBuildFile; fileRef = F4AF33941F696BEE00CA0E84 /* Assets.xcassets */; };
		F4AF33981F696BEE00CA0E84 /* Main.storyboard in Resources */ = {isa = PBXBuildFile; fileRef = F4AF33961F696BEE00CA0E84 /* Main.storyboard */; };
		F4D5969B1F7C01BD00538851 /* NetworkExtension.framework in Frameworks */ = {isa = PBXBuildFile; fileRef = F4D5969A1F7C01BD00538851 /* NetworkExtension.framework */; };
/* End PBXBuildFile section */

/* Begin PBXContainerItemProxy section */
		C41BB40D2379C1B40068C106 /* PBXContainerItemProxy */ = {
			isa = PBXContainerItemProxy;
			containerPortal = F4AF33801F696BEE00CA0E84 /* Project object */;
			proxyType = 1;
			remoteGlobalIDString = C41BB4092379C19B0068C106;
			remoteInfo = "AGDnsProxy-ios";
		};
		C4423FA4237955FC00FD1D4C /* PBXContainerItemProxy */ = {
			isa = PBXContainerItemProxy;
			containerPortal = F4AF33801F696BEE00CA0E84 /* Project object */;
			proxyType = 1;
			remoteGlobalIDString = C4423F6F23794EA900FD1D4C;
			remoteInfo = "test-ios";
		};
		C4B58FE1237189310044CE54 /* PBXContainerItemProxy */ = {
			isa = PBXContainerItemProxy;
			containerPortal = F4AF33801F696BEE00CA0E84 /* Project object */;
			proxyType = 1;
			remoteGlobalIDString = C4B58FDC237188E50044CE54;
			remoteInfo = DnsProxy;
		};
		F499C4501F6A9D0D00FB55F8 /* PBXContainerItemProxy */ = {
			isa = PBXContainerItemProxy;
			containerPortal = F4AF33801F696BEE00CA0E84 /* Project object */;
			proxyType = 1;
			remoteGlobalIDString = F499C4431F6A9D0D00FB55F8;
			remoteInfo = ext;
		};
/* End PBXContainerItemProxy section */

/* Begin PBXCopyFilesBuildPhase section */
		652D5A0C20E15E1700B3E0F1 /* Embed Frameworks */ = {
			isa = PBXCopyFilesBuildPhase;
			buildActionMask = 2147483647;
			dstPath = "";
			dstSubfolderSpec = 10;
			files = (
				C4FAE493237BE37100ECE0B2 /* AGDnsProxy.framework in Embed Frameworks */,
			);
			name = "Embed Frameworks";
			runOnlyForDeploymentPostprocessing = 0;
		};
		C4423F7C23794F2F00FD1D4C /* Embed Frameworks */ = {
			isa = PBXCopyFilesBuildPhase;
			buildActionMask = 2147483647;
			dstPath = "";
			dstSubfolderSpec = 10;
			files = (
				C4AEED19237AC9170021E53F /* AGDnsProxy.framework in Embed Frameworks */,
			);
			name = "Embed Frameworks";
			runOnlyForDeploymentPostprocessing = 0;
		};
		C4423FA2237955B000FD1D4C /* Embed Frameworks */ = {
			isa = PBXCopyFilesBuildPhase;
			buildActionMask = 2147483647;
			dstPath = "";
			dstSubfolderSpec = 10;
			files = (
				C4FAE494237BE37600ECE0B2 /* AGDnsProxy.framework in Embed Frameworks */,
			);
			name = "Embed Frameworks";
			runOnlyForDeploymentPostprocessing = 0;
		};
		C44240072379B26E00FD1D4C /* Embed App Extensions */ = {
			isa = PBXCopyFilesBuildPhase;
			buildActionMask = 2147483647;
			dstPath = "";
			dstSubfolderSpec = 13;
			files = (
				C4FAE495237BE41A00ECE0B2 /* ext-ios.appex in Embed App Extensions */,
			);
			name = "Embed App Extensions";
			runOnlyForDeploymentPostprocessing = 0;
		};
		C4B58FF523719CDF0044CE54 /* Embed Frameworks */ = {
			isa = PBXCopyFilesBuildPhase;
			buildActionMask = 2147483647;
			dstPath = "";
			dstSubfolderSpec = 10;
			files = (
				C4AEED18237AC9140021E53F /* AGDnsProxy.framework in Embed Frameworks */,
			);
			name = "Embed Frameworks";
			runOnlyForDeploymentPostprocessing = 0;
		};
		F499C4561F6A9D0D00FB55F8 /* Embed App Extensions */ = {
			isa = PBXCopyFilesBuildPhase;
			buildActionMask = 2147483647;
			dstPath = "";
			dstSubfolderSpec = 13;
			files = (
				F499C4521F6A9D0D00FB55F8 /* ext-macos.appex in Embed App Extensions */,
			);
			name = "Embed App Extensions";
			runOnlyForDeploymentPostprocessing = 0;
		};
/* End PBXCopyFilesBuildPhase section */

/* Begin PBXFileReference section */
		C4423F7023794EA900FD1D4C /* ext-ios.appex */ = {isa = PBXFileReference; explicitFileType = "wrapper.app-extension"; includeInIndex = 0; path = "ext-ios.appex"; sourceTree = BUILT_PRODUCTS_DIR; };
		C4423F7523794EA900FD1D4C /* Info.plist */ = {isa = PBXFileReference; lastKnownFileType = text.plist.xml; path = Info.plist; sourceTree = "<group>"; };
		C4423F7623794EA900FD1D4C /* ext_ios.entitlements */ = {isa = PBXFileReference; lastKnownFileType = text.plist.entitlements; path = ext_ios.entitlements; sourceTree = "<group>"; };
		C4423F872379559900FD1D4C /* test-ios.app */ = {isa = PBXFileReference; explicitFileType = wrapper.application; includeInIndex = 0; path = "test-ios.app"; sourceTree = BUILT_PRODUCTS_DIR; };
		C4423F892379559900FD1D4C /* AppDelegate.h */ = {isa = PBXFileReference; lastKnownFileType = sourcecode.c.h; path = AppDelegate.h; sourceTree = "<group>"; };
		C4423F8A2379559900FD1D4C /* AppDelegate.m */ = {isa = PBXFileReference; lastKnownFileType = sourcecode.c.objc; path = AppDelegate.m; sourceTree = "<group>"; };
		C4423F8C2379559900FD1D4C /* SceneDelegate.h */ = {isa = PBXFileReference; lastKnownFileType = sourcecode.c.h; path = SceneDelegate.h; sourceTree = "<group>"; };
		C4423F8D2379559900FD1D4C /* SceneDelegate.m */ = {isa = PBXFileReference; lastKnownFileType = sourcecode.c.objc; path = SceneDelegate.m; sourceTree = "<group>"; };
		C4423F8F2379559900FD1D4C /* ViewController.h */ = {isa = PBXFileReference; lastKnownFileType = sourcecode.c.h; path = ViewController.h; sourceTree = "<group>"; };
		C4423F902379559900FD1D4C /* ViewController.m */ = {isa = PBXFileReference; lastKnownFileType = sourcecode.c.objc; path = ViewController.m; sourceTree = "<group>"; };
		C4423F932379559900FD1D4C /* Base */ = {isa = PBXFileReference; lastKnownFileType = file.storyboard; name = Base; path = Base.lproj/Main.storyboard; sourceTree = "<group>"; };
		C4423F952379559D00FD1D4C /* Assets.xcassets */ = {isa = PBXFileReference; lastKnownFileType = folder.assetcatalog; path = Assets.xcassets; sourceTree = "<group>"; };
		C4423F982379559D00FD1D4C /* Base */ = {isa = PBXFileReference; lastKnownFileType = file.storyboard; name = Base; path = Base.lproj/LaunchScreen.storyboard; sourceTree = "<group>"; };
		C4423F9A2379559D00FD1D4C /* Info.plist */ = {isa = PBXFileReference; lastKnownFileType = text.plist.xml; path = Info.plist; sourceTree = "<group>"; };
		C4423F9B2379559D00FD1D4C /* main.m */ = {isa = PBXFileReference; lastKnownFileType = sourcecode.c.objc; path = main.m; sourceTree = "<group>"; };
		C4AEED14237AC8A10021E53F /* AGDnsProxy.framework */ = {isa = PBXFileReference; lastKnownFileType = wrapper.framework; name = AGDnsProxy.framework; path = framework/AGDnsProxy.framework; sourceTree = "<group>"; };
		C4FAE49F237BE77800ECE0B2 /* vpn.m */ = {isa = PBXFileReference; lastKnownFileType = sourcecode.c.objc; path = vpn.m; sourceTree = "<group>"; };
		C4FAE4A0237BE77800ECE0B2 /* PacketTunnelProvider.h */ = {isa = PBXFileReference; lastKnownFileType = sourcecode.c.h; path = PacketTunnelProvider.h; sourceTree = "<group>"; };
		C4FAE4A1237BE77800ECE0B2 /* vpn.h */ = {isa = PBXFileReference; lastKnownFileType = sourcecode.c.h; path = vpn.h; sourceTree = "<group>"; };
		C4FAE4A2237BE77800ECE0B2 /* filter.txt */ = {isa = PBXFileReference; lastKnownFileType = text; path = filter.txt; sourceTree = "<group>"; };
		C4FAE4A3237BE77800ECE0B2 /* PacketTunnelProvider.m */ = {isa = PBXFileReference; lastKnownFileType = sourcecode.c.objc; path = PacketTunnelProvider.m; sourceTree = "<group>"; };
		F499C4371F6A6EF100FB55F8 /* test.entitlements */ = {isa = PBXFileReference; lastKnownFileType = text.plist.entitlements; path = test.entitlements; sourceTree = "<group>"; };
		F499C4441F6A9D0D00FB55F8 /* ext-macos.appex */ = {isa = PBXFileReference; explicitFileType = "wrapper.app-extension"; includeInIndex = 0; path = "ext-macos.appex"; sourceTree = BUILT_PRODUCTS_DIR; };
		F499C4451F6A9D0D00FB55F8 /* Cocoa.framework */ = {isa = PBXFileReference; lastKnownFileType = wrapper.framework; name = Cocoa.framework; path = System/Library/Frameworks/Cocoa.framework; sourceTree = SDKROOT; };
		F499C44B1F6A9D0D00FB55F8 /* ext.entitlements */ = {isa = PBXFileReference; lastKnownFileType = text.plist.entitlements; path = ext.entitlements; sourceTree = "<group>"; };
		F499C44F1F6A9D0D00FB55F8 /* Info.plist */ = {isa = PBXFileReference; lastKnownFileType = text.plist.xml; path = Info.plist; sourceTree = "<group>"; };
		F4AF33881F696BEE00CA0E84 /* test-macos.app */ = {isa = PBXFileReference; explicitFileType = wrapper.application; includeInIndex = 0; path = "test-macos.app"; sourceTree = BUILT_PRODUCTS_DIR; };
		F4AF338B1F696BEE00CA0E84 /* AppDelegate.h */ = {isa = PBXFileReference; lastKnownFileType = sourcecode.c.h; path = AppDelegate.h; sourceTree = "<group>"; };
		F4AF338C1F696BEE00CA0E84 /* AppDelegate.m */ = {isa = PBXFileReference; lastKnownFileType = sourcecode.c.objc; path = AppDelegate.m; sourceTree = "<group>"; };
		F4AF338F1F696BEE00CA0E84 /* main.m */ = {isa = PBXFileReference; lastKnownFileType = sourcecode.c.objc; path = main.m; sourceTree = "<group>"; };
		F4AF33911F696BEE00CA0E84 /* ViewController.h */ = {isa = PBXFileReference; lastKnownFileType = sourcecode.c.h; path = ViewController.h; sourceTree = "<group>"; };
		F4AF33921F696BEE00CA0E84 /* ViewController.m */ = {isa = PBXFileReference; lastKnownFileType = sourcecode.c.objc; path = ViewController.m; sourceTree = "<group>"; };
		F4AF33941F696BEE00CA0E84 /* Assets.xcassets */ = {isa = PBXFileReference; lastKnownFileType = folder.assetcatalog; path = Assets.xcassets; sourceTree = "<group>"; };
		F4AF33971F696BEE00CA0E84 /* Base */ = {isa = PBXFileReference; lastKnownFileType = file.storyboard; name = Base; path = Base.lproj/Main.storyboard; sourceTree = "<group>"; };
		F4AF33991F696BEE00CA0E84 /* Info.plist */ = {isa = PBXFileReference; lastKnownFileType = text.plist.xml; path = Info.plist; sourceTree = "<group>"; };
		F4D5969A1F7C01BD00538851 /* NetworkExtension.framework */ = {isa = PBXFileReference; lastKnownFileType = wrapper.framework; name = NetworkExtension.framework; path = System/Library/Frameworks/NetworkExtension.framework; sourceTree = SDKROOT; };
/* End PBXFileReference section */

/* Begin PBXFrameworksBuildPhase section */
		C4423F6D23794EA900FD1D4C /* Frameworks */ = {
			isa = PBXFrameworksBuildPhase;
			buildActionMask = 2147483647;
			files = (
				C4423F7D23794F3200FD1D4C /* NetworkExtension.framework in Frameworks */,
				C4AEED16237AC90C0021E53F /* AGDnsProxy.framework in Frameworks */,
			);
			runOnlyForDeploymentPostprocessing = 0;
		};
		C4423F842379559900FD1D4C /* Frameworks */ = {
			isa = PBXFrameworksBuildPhase;
			buildActionMask = 2147483647;
			files = (
				C4423FA3237955C400FD1D4C /* NetworkExtension.framework in Frameworks */,
				C4AEED1A237AC9260021E53F /* AGDnsProxy.framework in Frameworks */,
			);
			runOnlyForDeploymentPostprocessing = 0;
		};
		F499C4411F6A9D0D00FB55F8 /* Frameworks */ = {
			isa = PBXFrameworksBuildPhase;
			buildActionMask = 2147483647;
			files = (
				F499C4461F6A9D0D00FB55F8 /* Cocoa.framework in Frameworks */,
				C4B58FDB237184390044CE54 /* NetworkExtension.framework in Frameworks */,
				C4AEED17237AC9100021E53F /* AGDnsProxy.framework in Frameworks */,
			);
			runOnlyForDeploymentPostprocessing = 0;
		};
		F4AF33851F696BEE00CA0E84 /* Frameworks */ = {
			isa = PBXFrameworksBuildPhase;
			buildActionMask = 2147483647;
			files = (
				F40E749C206D1D6B000F5A41 /* Cocoa.framework in Frameworks */,
				C4AEED15237AC8A10021E53F /* AGDnsProxy.framework in Frameworks */,
				F4D5969B1F7C01BD00538851 /* NetworkExtension.framework in Frameworks */,
			);
			runOnlyForDeploymentPostprocessing = 0;
		};
/* End PBXFrameworksBuildPhase section */

/* Begin PBXGroup section */
		C4423F7123794EA900FD1D4C /* ext-ios */ = {
			isa = PBXGroup;
			children = (
				C4423F7523794EA900FD1D4C /* Info.plist */,
				C4423F7623794EA900FD1D4C /* ext_ios.entitlements */,
			);
			path = "ext-ios";
			sourceTree = "<group>";
		};
		C4423F882379559900FD1D4C /* test-ios */ = {
			isa = PBXGroup;
			children = (
				C4423F892379559900FD1D4C /* AppDelegate.h */,
				C4423F8A2379559900FD1D4C /* AppDelegate.m */,
				C4423F8C2379559900FD1D4C /* SceneDelegate.h */,
				C4423F8D2379559900FD1D4C /* SceneDelegate.m */,
				C4423F8F2379559900FD1D4C /* ViewController.h */,
				C4423F902379559900FD1D4C /* ViewController.m */,
				C4423F922379559900FD1D4C /* Main.storyboard */,
				C4423F952379559D00FD1D4C /* Assets.xcassets */,
				C4423F972379559D00FD1D4C /* LaunchScreen.storyboard */,
				C4423F9A2379559D00FD1D4C /* Info.plist */,
				C4423F9B2379559D00FD1D4C /* main.m */,
			);
			path = "test-ios";
			sourceTree = "<group>";
		};
		C4FAE49D237BE77800ECE0B2 /* common */ = {
			isa = PBXGroup;
			children = (
				C4FAE49F237BE77800ECE0B2 /* vpn.m */,
				C4FAE4A0237BE77800ECE0B2 /* PacketTunnelProvider.h */,
				C4FAE4A1237BE77800ECE0B2 /* vpn.h */,
				C4FAE4A2237BE77800ECE0B2 /* filter.txt */,
				C4FAE4A3237BE77800ECE0B2 /* PacketTunnelProvider.m */,
			);
			path = common;
			sourceTree = "<group>";
		};
		F499C4341F6A6EF100FB55F8 /* Frameworks */ = {
			isa = PBXGroup;
			children = (
				C4AEED14237AC8A10021E53F /* AGDnsProxy.framework */,
				F4D5969A1F7C01BD00538851 /* NetworkExtension.framework */,
				F499C4451F6A9D0D00FB55F8 /* Cocoa.framework */,
			);
			name = Frameworks;
			sourceTree = "<group>";
		};
		F499C4471F6A9D0D00FB55F8 /* ext-macos */ = {
			isa = PBXGroup;
			children = (
				F499C44F1F6A9D0D00FB55F8 /* Info.plist */,
				F499C44B1F6A9D0D00FB55F8 /* ext.entitlements */,
			);
			path = "ext-macos";
			sourceTree = "<group>";
		};
		F4AF337F1F696BEE00CA0E84 = {
			isa = PBXGroup;
			children = (
				C4FAE49D237BE77800ECE0B2 /* common */,
				F4AF338A1F696BEE00CA0E84 /* test-macos */,
				F499C4471F6A9D0D00FB55F8 /* ext-macos */,
				C4423F7123794EA900FD1D4C /* ext-ios */,
				C4423F882379559900FD1D4C /* test-ios */,
				F4AF33891F696BEE00CA0E84 /* Products */,
				F499C4341F6A6EF100FB55F8 /* Frameworks */,
			);
			sourceTree = "<group>";
		};
		F4AF33891F696BEE00CA0E84 /* Products */ = {
			isa = PBXGroup;
			children = (
				F4AF33881F696BEE00CA0E84 /* test-macos.app */,
				F499C4441F6A9D0D00FB55F8 /* ext-macos.appex */,
				C4423F7023794EA900FD1D4C /* ext-ios.appex */,
				C4423F872379559900FD1D4C /* test-ios.app */,
			);
			name = Products;
			sourceTree = "<group>";
		};
		F4AF338A1F696BEE00CA0E84 /* test-macos */ = {
			isa = PBXGroup;
			children = (
				F499C4371F6A6EF100FB55F8 /* test.entitlements */,
				F4AF338B1F696BEE00CA0E84 /* AppDelegate.h */,
				F4AF338C1F696BEE00CA0E84 /* AppDelegate.m */,
				F4AF33911F696BEE00CA0E84 /* ViewController.h */,
				F4AF33921F696BEE00CA0E84 /* ViewController.m */,
				F4AF33941F696BEE00CA0E84 /* Assets.xcassets */,
				F4AF33961F696BEE00CA0E84 /* Main.storyboard */,
				F4AF33991F696BEE00CA0E84 /* Info.plist */,
				F4AF338E1F696BEE00CA0E84 /* Supporting Files */,
			);
			path = "test-macos";
			sourceTree = "<group>";
		};
		F4AF338E1F696BEE00CA0E84 /* Supporting Files */ = {
			isa = PBXGroup;
			children = (
				F4AF338F1F696BEE00CA0E84 /* main.m */,
			);
			name = "Supporting Files";
			sourceTree = "<group>";
		};
/* End PBXGroup section */

/* Begin PBXLegacyTarget section */
		C41BB4092379C19B0068C106 /* AGDnsProxy-ios */ = {
			isa = PBXLegacyTarget;
			buildArgumentsString = "$(SRCROOT)/../framework/build_dnsproxy_framework.sh $(ACTION) --os ios";
			buildConfigurationList = C41BB40C2379C19B0068C106 /* Build configuration list for PBXLegacyTarget "AGDnsProxy-ios" */;
			buildPhases = (
			);
			buildToolPath = /bin/sh;
			buildWorkingDirectory = "$(SRCROOT)/ext-ios";
			dependencies = (
			);
			name = "AGDnsProxy-ios";
			passBuildSettingsInEnvironment = 1;
			productName = "AGDnsProxy-ios";
		};
		C42068AE23B0D0B800DA1B77 /* AGDnsProxy */ = {
			isa = PBXLegacyTarget;
			buildArgumentsString = "$(SRCROOT)/../framework/build_dnsproxy_framework.sh $(ACTION) --iosv 13.0";
			buildConfigurationList = C42068B123B0D0B800DA1B77 /* Build configuration list for PBXLegacyTarget "AGDnsProxy" */;
			buildPhases = (
			);
			buildToolPath = /bin/sh;
			buildWorkingDirectory = "$(SRCROOT)/";
			dependencies = (
			);
			name = AGDnsProxy;
			passBuildSettingsInEnvironment = 1;
			productName = AGDnsProxy;
		};
		C4B58FDC237188E50044CE54 /* AGDnsProxy-macos */ = {
			isa = PBXLegacyTarget;
			buildArgumentsString = "$(SRCROOT)/../framework/build_dnsproxy_framework.sh $(ACTION) --os macos";
			buildConfigurationList = C4B58FDD237188E50044CE54 /* Build configuration list for PBXLegacyTarget "AGDnsProxy-macos" */;
			buildPhases = (
			);
			buildToolPath = /bin/sh;
			buildWorkingDirectory = "$(SRCROOT)/ext-macos";
			dependencies = (
			);
			name = "AGDnsProxy-macos";
			passBuildSettingsInEnvironment = 1;
			productName = DnsProxy;
		};
/* End PBXLegacyTarget section */

/* Begin PBXNativeTarget section */
		C4423F6F23794EA900FD1D4C /* ext-ios */ = {
			isa = PBXNativeTarget;
			buildConfigurationList = C4423F7723794EA900FD1D4C /* Build configuration list for PBXNativeTarget "ext-ios" */;
			buildPhases = (
				C4423F6C23794EA900FD1D4C /* Sources */,
				C4423F6D23794EA900FD1D4C /* Frameworks */,
				C4423F6E23794EA900FD1D4C /* Resources */,
				C4423F7C23794F2F00FD1D4C /* Embed Frameworks */,
			);
			buildRules = (
			);
			dependencies = (
				C41BB40E2379C1B40068C106 /* PBXTargetDependency */,
			);
			name = "ext-ios";
			productName = "test-ios";
			productReference = C4423F7023794EA900FD1D4C /* ext-ios.appex */;
			productType = "com.apple.product-type.app-extension";
		};
		C4423F862379559900FD1D4C /* test-ios */ = {
			isa = PBXNativeTarget;
			buildConfigurationList = C4423F9D2379559D00FD1D4C /* Build configuration list for PBXNativeTarget "test-ios" */;
			buildPhases = (
				C4423F832379559900FD1D4C /* Sources */,
				C4423F842379559900FD1D4C /* Frameworks */,
				C4423F852379559900FD1D4C /* Resources */,
				C44240072379B26E00FD1D4C /* Embed App Extensions */,
				C4423FA2237955B000FD1D4C /* Embed Frameworks */,
			);
			buildRules = (
			);
			dependencies = (
				C4423FA5237955FC00FD1D4C /* PBXTargetDependency */,
			);
			name = "test-ios";
			productName = "test-ios";
			productReference = C4423F872379559900FD1D4C /* test-ios.app */;
			productType = "com.apple.product-type.application";
		};
		F499C4431F6A9D0D00FB55F8 /* ext-macos */ = {
			isa = PBXNativeTarget;
			buildConfigurationList = F499C4531F6A9D0D00FB55F8 /* Build configuration list for PBXNativeTarget "ext-macos" */;
			buildPhases = (
				F499C4401F6A9D0D00FB55F8 /* Sources */,
				F499C4411F6A9D0D00FB55F8 /* Frameworks */,
				F499C4421F6A9D0D00FB55F8 /* Resources */,
				C4B58FF523719CDF0044CE54 /* Embed Frameworks */,
			);
			buildRules = (
			);
			dependencies = (
				C4B58FE2237189310044CE54 /* PBXTargetDependency */,
			);
			name = "ext-macos";
			productName = ext;
			productReference = F499C4441F6A9D0D00FB55F8 /* ext-macos.appex */;
			productType = "com.apple.product-type.app-extension";
		};
		F4AF33871F696BEE00CA0E84 /* test-macos */ = {
			isa = PBXNativeTarget;
			buildConfigurationList = F4AF339C1F696BEE00CA0E84 /* Build configuration list for PBXNativeTarget "test-macos" */;
			buildPhases = (
				F4AF33841F696BEE00CA0E84 /* Sources */,
				F4AF33851F696BEE00CA0E84 /* Frameworks */,
				F4AF33861F696BEE00CA0E84 /* Resources */,
				F499C4561F6A9D0D00FB55F8 /* Embed App Extensions */,
				652D5A0C20E15E1700B3E0F1 /* Embed Frameworks */,
			);
			buildRules = (
			);
			dependencies = (
				F499C4511F6A9D0D00FB55F8 /* PBXTargetDependency */,
			);
			name = "test-macos";
			productName = test;
			productReference = F4AF33881F696BEE00CA0E84 /* test-macos.app */;
			productType = "com.apple.product-type.application";
		};
/* End PBXNativeTarget section */

/* Begin PBXProject section */
		F4AF33801F696BEE00CA0E84 /* Project object */ = {
			isa = PBXProject;
			attributes = {
				DefaultBuildSystemTypeForWorkspace = Latest;
				LastUpgradeCheck = 1110;
				ORGANIZATIONNAME = "";
				TargetAttributes = {
					C41BB4092379C19B0068C106 = {
						CreatedOnToolsVersion = 11.1;
					};
					C42068AE23B0D0B800DA1B77 = {
						CreatedOnToolsVersion = 11.1;
					};
					C4423F6F23794EA900FD1D4C = {
						CreatedOnToolsVersion = 11.1;
					};
					C4423F862379559900FD1D4C = {
						CreatedOnToolsVersion = 11.1;
					};
					C4B58FDC237188E50044CE54 = {
						CreatedOnToolsVersion = 11.1;
					};
					F499C4431F6A9D0D00FB55F8 = {
						CreatedOnToolsVersion = 8.3.3;
						ProvisioningStyle = Automatic;
						SystemCapabilities = {
							com.apple.ApplicationGroups.Mac = {
								enabled = 1;
							};
							com.apple.NetworkExtensions = {
								enabled = 1;
							};
							com.apple.Sandbox = {
								enabled = 0;
							};
						};
					};
					F4AF33871F696BEE00CA0E84 = {
						CreatedOnToolsVersion = 8.3.3;
						DevelopmentTeam = N33TQXN8C7;
						ProvisioningStyle = Automatic;
						SystemCapabilities = {
							com.apple.ApplicationGroups.Mac = {
								enabled = 1;
							};
							com.apple.NetworkExtensions = {
								enabled = 1;
							};
							com.apple.Sandbox = {
								enabled = 0;
							};
							com.apple.iCloud = {
								enabled = 0;
							};
						};
					};
				};
			};
			buildConfigurationList = F4AF33831F696BEE00CA0E84 /* Build configuration list for PBXProject "test" */;
			compatibilityVersion = "Xcode 10.0";
			developmentRegion = en;
			hasScannedForEncodings = 0;
			knownRegions = (
				en,
				Base,
			);
			mainGroup = F4AF337F1F696BEE00CA0E84;
			productRefGroup = F4AF33891F696BEE00CA0E84 /* Products */;
			projectDirPath = "";
			projectRoot = "";
			targets = (
				F4AF33871F696BEE00CA0E84 /* test-macos */,
				C4423F862379559900FD1D4C /* test-ios */,
				F499C4431F6A9D0D00FB55F8 /* ext-macos */,
				C4423F6F23794EA900FD1D4C /* ext-ios */,
				C4B58FDC237188E50044CE54 /* AGDnsProxy-macos */,
				C41BB4092379C19B0068C106 /* AGDnsProxy-ios */,
				C42068AE23B0D0B800DA1B77 /* AGDnsProxy */,
			);
		};
/* End PBXProject section */

/* Begin PBXResourcesBuildPhase section */
		C4423F6E23794EA900FD1D4C /* Resources */ = {
			isa = PBXResourcesBuildPhase;
			buildActionMask = 2147483647;
			files = (
			);
			runOnlyForDeploymentPostprocessing = 0;
		};
		C4423F852379559900FD1D4C /* Resources */ = {
			isa = PBXResourcesBuildPhase;
			buildActionMask = 2147483647;
			files = (
				C4423F992379559D00FD1D4C /* LaunchScreen.storyboard in Resources */,
				C4423F962379559D00FD1D4C /* Assets.xcassets in Resources */,
				C4423F942379559900FD1D4C /* Main.storyboard in Resources */,
				C48B7D68239AAB4E004DDDC8 /* filter.txt in Resources */,
			);
			runOnlyForDeploymentPostprocessing = 0;
		};
		F499C4421F6A9D0D00FB55F8 /* Resources */ = {
			isa = PBXResourcesBuildPhase;
			buildActionMask = 2147483647;
			files = (
				C4FAE4A5237BE78E00ECE0B2 /* filter.txt in Resources */,
			);
			runOnlyForDeploymentPostprocessing = 0;
		};
		F4AF33861F696BEE00CA0E84 /* Resources */ = {
			isa = PBXResourcesBuildPhase;
			buildActionMask = 2147483647;
			files = (
				F4AF33951F696BEE00CA0E84 /* Assets.xcassets in Resources */,
				F4AF33981F696BEE00CA0E84 /* Main.storyboard in Resources */,
			);
			runOnlyForDeploymentPostprocessing = 0;
		};
/* End PBXResourcesBuildPhase section */

/* Begin PBXSourcesBuildPhase section */
		C4423F6C23794EA900FD1D4C /* Sources */ = {
			isa = PBXSourcesBuildPhase;
			buildActionMask = 2147483647;
			files = (
				C4FAE4A7237BE79600ECE0B2 /* PacketTunnelProvider.m in Sources */,
			);
			runOnlyForDeploymentPostprocessing = 0;
		};
		C4423F832379559900FD1D4C /* Sources */ = {
			isa = PBXSourcesBuildPhase;
			buildActionMask = 2147483647;
			files = (
				C4FAE4AB237BE7A900ECE0B2 /* vpn.m in Sources */,
				C44240102379BB2600FD1D4C /* AppDelegate.m in Sources */,
				C44240112379BB2900FD1D4C /* ViewController.m in Sources */,
				C44240122379BB2F00FD1D4C /* main.m in Sources */,
				C44240132379BB3800FD1D4C /* SceneDelegate.m in Sources */,
			);
			runOnlyForDeploymentPostprocessing = 0;
		};
		F499C4401F6A9D0D00FB55F8 /* Sources */ = {
			isa = PBXSourcesBuildPhase;
			buildActionMask = 2147483647;
			files = (
				C4FAE4A6237BE79300ECE0B2 /* PacketTunnelProvider.m in Sources */,
			);
			runOnlyForDeploymentPostprocessing = 0;
		};
		F4AF33841F696BEE00CA0E84 /* Sources */ = {
			isa = PBXSourcesBuildPhase;
			buildActionMask = 2147483647;
			files = (
				F4AF33931F696BEE00CA0E84 /* ViewController.m in Sources */,
				C4FAE4AC237BE7BB00ECE0B2 /* vpn.m in Sources */,
				F4AF33901F696BEE00CA0E84 /* main.m in Sources */,
				F4AF338D1F696BEE00CA0E84 /* AppDelegate.m in Sources */,
			);
			runOnlyForDeploymentPostprocessing = 0;
		};
/* End PBXSourcesBuildPhase section */

/* Begin PBXTargetDependency section */
		C41BB40E2379C1B40068C106 /* PBXTargetDependency */ = {
			isa = PBXTargetDependency;
			target = C41BB4092379C19B0068C106 /* AGDnsProxy-ios */;
			targetProxy = C41BB40D2379C1B40068C106 /* PBXContainerItemProxy */;
		};
		C4423FA5237955FC00FD1D4C /* PBXTargetDependency */ = {
			isa = PBXTargetDependency;
			target = C4423F6F23794EA900FD1D4C /* ext-ios */;
			targetProxy = C4423FA4237955FC00FD1D4C /* PBXContainerItemProxy */;
		};
		C4B58FE2237189310044CE54 /* PBXTargetDependency */ = {
			isa = PBXTargetDependency;
			target = C4B58FDC237188E50044CE54 /* AGDnsProxy-macos */;
			targetProxy = C4B58FE1237189310044CE54 /* PBXContainerItemProxy */;
		};
		F499C4511F6A9D0D00FB55F8 /* PBXTargetDependency */ = {
			isa = PBXTargetDependency;
			target = F499C4431F6A9D0D00FB55F8 /* ext-macos */;
			targetProxy = F499C4501F6A9D0D00FB55F8 /* PBXContainerItemProxy */;
		};
/* End PBXTargetDependency section */

/* Begin PBXVariantGroup section */
		C4423F922379559900FD1D4C /* Main.storyboard */ = {
			isa = PBXVariantGroup;
			children = (
				C4423F932379559900FD1D4C /* Base */,
			);
			name = Main.storyboard;
			sourceTree = "<group>";
		};
		C4423F972379559D00FD1D4C /* LaunchScreen.storyboard */ = {
			isa = PBXVariantGroup;
			children = (
				C4423F982379559D00FD1D4C /* Base */,
			);
			name = LaunchScreen.storyboard;
			sourceTree = "<group>";
		};
		F4AF33961F696BEE00CA0E84 /* Main.storyboard */ = {
			isa = PBXVariantGroup;
			children = (
				F4AF33971F696BEE00CA0E84 /* Base */,
			);
			name = Main.storyboard;
			sourceTree = "<group>";
		};
/* End PBXVariantGroup section */

/* Begin XCBuildConfiguration section */
		C41BB40A2379C19B0068C106 /* Debug */ = {
			isa = XCBuildConfiguration;
			buildSettings = {
				CLANG_CXX_LANGUAGE_STANDARD = "gnu++14";
				CLANG_ENABLE_OBJC_WEAK = YES;
				CLANG_WARN_UNGUARDED_AVAILABILITY = YES_AGGRESSIVE;
				CODE_SIGN_STYLE = Automatic;
				DEBUGGING_SYMBOLS = YES;
				DEBUG_INFORMATION_FORMAT = dwarf;
				DEVELOPMENT_TEAM = N33TQXN8C7;
				GCC_C_LANGUAGE_STANDARD = gnu11;
				GCC_GENERATE_DEBUGGING_SYMBOLS = YES;
				GCC_OPTIMIZATION_LEVEL = 0;
				MTL_ENABLE_DEBUG_INFO = INCLUDE_SOURCE;
				MTL_FAST_MATH = YES;
				OTHER_CFLAGS = "";
				OTHER_LDFLAGS = "";
				PRODUCT_NAME = "$(TARGET_NAME)";
				SDKROOT = iphoneos;
			};
			name = Debug;
		};
		C41BB40B2379C19B0068C106 /* Release */ = {
			isa = XCBuildConfiguration;
			buildSettings = {
				CLANG_CXX_LANGUAGE_STANDARD = "gnu++14";
				CLANG_ENABLE_OBJC_WEAK = YES;
				CLANG_WARN_UNGUARDED_AVAILABILITY = YES_AGGRESSIVE;
				CODE_SIGN_STYLE = Automatic;
				DEBUG_INFORMATION_FORMAT = "dwarf-with-dsym";
				DEVELOPMENT_TEAM = N33TQXN8C7;
				GCC_C_LANGUAGE_STANDARD = gnu11;
				MTL_FAST_MATH = YES;
				OTHER_CFLAGS = "";
				OTHER_LDFLAGS = "";
				PRODUCT_NAME = "$(TARGET_NAME)";
				SDKROOT = iphoneos;
			};
			name = Release;
		};
		C42068AF23B0D0B800DA1B77 /* Debug */ = {
			isa = XCBuildConfiguration;
			buildSettings = {
				CLANG_CXX_LANGUAGE_STANDARD = "gnu++14";
				CLANG_ENABLE_OBJC_WEAK = YES;
				CLANG_WARN_UNGUARDED_AVAILABILITY = YES_AGGRESSIVE;
				CODE_SIGN_STYLE = Automatic;
				DEBUGGING_SYMBOLS = YES;
				DEBUG_INFORMATION_FORMAT = dwarf;
				DEVELOPMENT_TEAM = N33TQXN8C7;
				GCC_C_LANGUAGE_STANDARD = gnu11;
				GCC_GENERATE_DEBUGGING_SYMBOLS = YES;
				GCC_OPTIMIZATION_LEVEL = 0;
				MTL_ENABLE_DEBUG_INFO = INCLUDE_SOURCE;
				MTL_FAST_MATH = YES;
				OTHER_CFLAGS = "";
				OTHER_LDFLAGS = "";
				PRODUCT_NAME = "$(TARGET_NAME)";
			};
			name = Debug;
		};
		C42068B023B0D0B800DA1B77 /* Release */ = {
			isa = XCBuildConfiguration;
			buildSettings = {
				CLANG_CXX_LANGUAGE_STANDARD = "gnu++14";
				CLANG_ENABLE_OBJC_WEAK = YES;
				CLANG_WARN_UNGUARDED_AVAILABILITY = YES_AGGRESSIVE;
				CODE_SIGN_STYLE = Automatic;
				DEBUG_INFORMATION_FORMAT = "dwarf-with-dsym";
				DEVELOPMENT_TEAM = N33TQXN8C7;
				GCC_C_LANGUAGE_STANDARD = gnu11;
				MTL_FAST_MATH = YES;
				OTHER_CFLAGS = "";
				OTHER_LDFLAGS = "";
				PRODUCT_NAME = "$(TARGET_NAME)";
			};
			name = Release;
		};
		C4423F7823794EA900FD1D4C /* Debug */ = {
			isa = XCBuildConfiguration;
			buildSettings = {
				ARCHS = (
					"$(ARCHS_STANDARD_INCLUDING_64_BIT)",
					arm64,
					i386,
					x86_64,
				);
				CLANG_CXX_LANGUAGE_STANDARD = "gnu++14";
				CLANG_ENABLE_OBJC_WEAK = YES;
				CLANG_WARN_UNGUARDED_AVAILABILITY = YES_AGGRESSIVE;
				CODE_SIGN_ENTITLEMENTS = "ext-ios/ext_ios.entitlements";
				CODE_SIGN_IDENTITY = "Apple Development";
				CODE_SIGN_STYLE = Automatic;
				DEVELOPMENT_TEAM = N33TQXN8C7;
				ENABLE_BITCODE = NO;
				FRAMEWORK_SEARCH_PATHS = (
					"$(inherited)",
					"$(DEVELOPER_FRAMEWORKS_DIR)",
					"$(DEVELOPER_LIBRARY_DIR)/Frameworks",
					"$(SDKROOT)/Developer/Library/Frameworks",
					"$(PROJECT_DIR)/framework",
				);
				GCC_C_LANGUAGE_STANDARD = gnu11;
				INFOPLIST_FILE = "ext-ios/Info.plist";
				IPHONEOS_DEPLOYMENT_TARGET = 13.1;
				LD_RUNPATH_SEARCH_PATHS = (
					"$(inherited)",
					"@executable_path/Frameworks",
					"@executable_path/../../Frameworks",
				);
				MTL_ENABLE_DEBUG_INFO = INCLUDE_SOURCE;
				MTL_FAST_MATH = YES;
				PRODUCT_BUNDLE_IDENTIFIER = "com.adguard.dnsproxy-ios.ext";
				PRODUCT_NAME = "$(TARGET_NAME)";
				PROVISIONING_PROFILE_SPECIFIER = "";
				SDKROOT = iphoneos;
				SKIP_INSTALL = YES;
				TARGETED_DEVICE_FAMILY = "1,2";
			};
			name = Debug;
		};
		C4423F7923794EA900FD1D4C /* Release */ = {
			isa = XCBuildConfiguration;
			buildSettings = {
				ARCHS = (
					"$(ARCHS_STANDARD_INCLUDING_64_BIT)",
					arm64,
					i386,
					x86_64,
				);
				CLANG_CXX_LANGUAGE_STANDARD = "gnu++14";
				CLANG_ENABLE_OBJC_WEAK = YES;
				CLANG_WARN_UNGUARDED_AVAILABILITY = YES_AGGRESSIVE;
				CODE_SIGN_ENTITLEMENTS = "ext-ios/ext_ios.entitlements";
				CODE_SIGN_IDENTITY = "Apple Development";
				CODE_SIGN_STYLE = Automatic;
				DEVELOPMENT_TEAM = N33TQXN8C7;
				ENABLE_BITCODE = NO;
				FRAMEWORK_SEARCH_PATHS = (
					"$(inherited)",
					"$(DEVELOPER_FRAMEWORKS_DIR)",
					"$(DEVELOPER_LIBRARY_DIR)/Frameworks",
					"$(SDKROOT)/Developer/Library/Frameworks",
					"$(PROJECT_DIR)/framework",
				);
				GCC_C_LANGUAGE_STANDARD = gnu11;
				INFOPLIST_FILE = "ext-ios/Info.plist";
				IPHONEOS_DEPLOYMENT_TARGET = 13.1;
				LD_RUNPATH_SEARCH_PATHS = (
					"$(inherited)",
					"@executable_path/Frameworks",
					"@executable_path/../../Frameworks",
				);
				MTL_FAST_MATH = YES;
				PRODUCT_BUNDLE_IDENTIFIER = "com.adguard.dnsproxy-ios.ext";
				PRODUCT_NAME = "$(TARGET_NAME)";
				PROVISIONING_PROFILE_SPECIFIER = "";
				SDKROOT = iphoneos;
				SKIP_INSTALL = YES;
				TARGETED_DEVICE_FAMILY = "1,2";
				VALIDATE_PRODUCT = YES;
			};
			name = Release;
		};
		C4423F9E2379559D00FD1D4C /* Debug */ = {
			isa = XCBuildConfiguration;
			buildSettings = {
				ARCHS = (
					"$(ARCHS_STANDARD_INCLUDING_64_BIT)",
					arm64,
					x86_64,
					i386,
				);
				ASSETCATALOG_COMPILER_APPICON_NAME = AppIcon;
				CLANG_CXX_LANGUAGE_STANDARD = "gnu++14";
				CLANG_ENABLE_OBJC_WEAK = YES;
				CLANG_WARN_UNGUARDED_AVAILABILITY = YES_AGGRESSIVE;
				CODE_SIGN_IDENTITY = "Apple Development";
				CODE_SIGN_STYLE = Automatic;
				DEVELOPMENT_TEAM = N33TQXN8C7;
				ENABLE_BITCODE = NO;
				FRAMEWORK_SEARCH_PATHS = (
					"$(inherited)",
					"$(PROJECT_DIR)/framework",
				);
				GCC_C_LANGUAGE_STANDARD = gnu11;
				INFOPLIST_FILE = "test-ios/Info.plist";
				IPHONEOS_DEPLOYMENT_TARGET = 13.1;
				LD_RUNPATH_SEARCH_PATHS = (
					"$(inherited)",
					"@executable_path/Frameworks",
				);
				MTL_ENABLE_DEBUG_INFO = INCLUDE_SOURCE;
				MTL_FAST_MATH = YES;
				PRODUCT_BUNDLE_IDENTIFIER = "com.adguard.dnsproxy-ios";
				PRODUCT_NAME = "$(TARGET_NAME)";
				SDKROOT = iphoneos;
				TARGETED_DEVICE_FAMILY = "1,2";
			};
			name = Debug;
		};
		C4423F9F2379559D00FD1D4C /* Release */ = {
			isa = XCBuildConfiguration;
			buildSettings = {
				ARCHS = (
					"$(ARCHS_STANDARD_INCLUDING_64_BIT)",
					arm64,
					x86_64,
					i386,
				);
				ASSETCATALOG_COMPILER_APPICON_NAME = AppIcon;
				CLANG_CXX_LANGUAGE_STANDARD = "gnu++14";
				CLANG_ENABLE_OBJC_WEAK = YES;
				CLANG_WARN_UNGUARDED_AVAILABILITY = YES_AGGRESSIVE;
				CODE_SIGN_IDENTITY = "Apple Development";
				CODE_SIGN_STYLE = Automatic;
				DEVELOPMENT_TEAM = N33TQXN8C7;
				ENABLE_BITCODE = NO;
				FRAMEWORK_SEARCH_PATHS = (
					"$(inherited)",
					"$(PROJECT_DIR)/framework",
				);
				GCC_C_LANGUAGE_STANDARD = gnu11;
				INFOPLIST_FILE = "test-ios/Info.plist";
				IPHONEOS_DEPLOYMENT_TARGET = 13.1;
				LD_RUNPATH_SEARCH_PATHS = (
					"$(inherited)",
					"@executable_path/Frameworks",
				);
				MTL_FAST_MATH = YES;
				PRODUCT_BUNDLE_IDENTIFIER = "com.adguard.dnsproxy-ios";
				PRODUCT_NAME = "$(TARGET_NAME)";
				SDKROOT = iphoneos;
				TARGETED_DEVICE_FAMILY = "1,2";
				VALIDATE_PRODUCT = YES;
			};
			name = Release;
		};
		C4B58FDE237188E50044CE54 /* Debug */ = {
			isa = XCBuildConfiguration;
			buildSettings = {
				CLANG_CXX_LANGUAGE_STANDARD = "gnu++14";
				CLANG_ENABLE_OBJC_WEAK = YES;
				CLANG_WARN_UNGUARDED_AVAILABILITY = YES_AGGRESSIVE;
				CODE_SIGN_STYLE = Automatic;
				DEBUGGING_SYMBOLS = YES;
				DEBUG_INFORMATION_FORMAT = dwarf;
				DEVELOPMENT_TEAM = N33TQXN8C7;
				GCC_C_LANGUAGE_STANDARD = gnu11;
				GCC_GENERATE_DEBUGGING_SYMBOLS = YES;
				GCC_OPTIMIZATION_LEVEL = 0;
				MTL_ENABLE_DEBUG_INFO = INCLUDE_SOURCE;
				MTL_FAST_MATH = YES;
				OTHER_CFLAGS = "";
				OTHER_LDFLAGS = "";
				PRODUCT_NAME = "$(TARGET_NAME)";
				SDKROOT = macosx;
			};
			name = Debug;
		};
		C4B58FDF237188E50044CE54 /* Release */ = {
			isa = XCBuildConfiguration;
			buildSettings = {
				CLANG_CXX_LANGUAGE_STANDARD = "gnu++14";
				CLANG_ENABLE_OBJC_WEAK = YES;
				CLANG_WARN_UNGUARDED_AVAILABILITY = YES_AGGRESSIVE;
				CODE_SIGN_STYLE = Automatic;
				DEBUG_INFORMATION_FORMAT = "dwarf-with-dsym";
				DEVELOPMENT_TEAM = N33TQXN8C7;
				GCC_C_LANGUAGE_STANDARD = gnu11;
				MTL_FAST_MATH = YES;
				OTHER_CFLAGS = "";
				OTHER_LDFLAGS = "";
				PRODUCT_NAME = "$(TARGET_NAME)";
				SDKROOT = macosx;
			};
			name = Release;
		};
		F499C4541F6A9D0D00FB55F8 /* Debug */ = {
			isa = XCBuildConfiguration;
			buildSettings = {
				CLANG_CXX_LANGUAGE_STANDARD = "c++17";
				CODE_SIGN_ENTITLEMENTS = "ext-macos/ext.entitlements";
				CODE_SIGN_IDENTITY = "Apple Development";
				DEVELOPMENT_TEAM = N33TQXN8C7;
				ENABLE_HARDENED_RUNTIME = YES;
				FRAMEWORK_SEARCH_PATHS = (
					"$(inherited)",
					"$(PROJECT_DIR)/framework",
				);
				GCC_C_LANGUAGE_STANDARD = c11;
				HEADER_SEARCH_PATHS = "";
				INFOPLIST_FILE = "ext-macos/Info.plist";
				LD_RUNPATH_SEARCH_PATHS = (
					"$(inherited)",
					"@executable_path/../Frameworks",
					"@executable_path/../../../../Frameworks",
				);
				LIBRARY_SEARCH_PATHS = "";
				ONLY_ACTIVE_ARCH = YES;
				OTHER_LDFLAGS = "";
				PRODUCT_BUNDLE_IDENTIFIER = com.adguard.dnsproxy.ext;
				PRODUCT_NAME = "$(TARGET_NAME)";
				SKIP_INSTALL = YES;
				STRINGS_FILE_OUTPUT_ENCODING = "UTF-8";
			};
			name = Debug;
		};
		F499C4551F6A9D0D00FB55F8 /* Release */ = {
			isa = XCBuildConfiguration;
			buildSettings = {
				CLANG_CXX_LANGUAGE_STANDARD = "c++17";
				CODE_SIGN_ENTITLEMENTS = "ext-macos/ext.entitlements";
				CODE_SIGN_IDENTITY = "Apple Development";
				DEVELOPMENT_TEAM = N33TQXN8C7;
				ENABLE_HARDENED_RUNTIME = YES;
				FRAMEWORK_SEARCH_PATHS = (
					"$(inherited)",
					"$(PROJECT_DIR)/framework",
				);
				GCC_C_LANGUAGE_STANDARD = c11;
				HEADER_SEARCH_PATHS = "";
				INFOPLIST_FILE = "ext-macos/Info.plist";
				LD_RUNPATH_SEARCH_PATHS = (
					"$(inherited)",
					"@executable_path/../Frameworks",
					"@executable_path/../../../../Frameworks",
				);
				LIBRARY_SEARCH_PATHS = "";
				ONLY_ACTIVE_ARCH = YES;
				OTHER_LDFLAGS = "";
				PRODUCT_BUNDLE_IDENTIFIER = com.adguard.dnsproxy.ext;
				PRODUCT_NAME = "$(TARGET_NAME)";
				SKIP_INSTALL = YES;
				STRINGS_FILE_OUTPUT_ENCODING = "UTF-8";
			};
			name = Release;
		};
		F4AF339A1F696BEE00CA0E84 /* Debug */ = {
			isa = XCBuildConfiguration;
			buildSettings = {
				ALWAYS_SEARCH_USER_PATHS = NO;
				CLANG_ANALYZER_NONNULL = YES;
				CLANG_ANALYZER_NUMBER_OBJECT_CONVERSION = YES_AGGRESSIVE;
				CLANG_CXX_LANGUAGE_STANDARD = "gnu++0x";
				CLANG_CXX_LIBRARY = "libc++";
				CLANG_ENABLE_MODULES = YES;
				CLANG_ENABLE_OBJC_ARC = YES;
				CLANG_WARN_BLOCK_CAPTURE_AUTORELEASING = YES;
				CLANG_WARN_BOOL_CONVERSION = YES;
				CLANG_WARN_COMMA = YES;
				CLANG_WARN_CONSTANT_CONVERSION = YES;
				CLANG_WARN_DEPRECATED_OBJC_IMPLEMENTATIONS = YES;
				CLANG_WARN_DIRECT_OBJC_ISA_USAGE = YES_ERROR;
				CLANG_WARN_DOCUMENTATION_COMMENTS = YES;
				CLANG_WARN_EMPTY_BODY = YES;
				CLANG_WARN_ENUM_CONVERSION = YES;
				CLANG_WARN_INFINITE_RECURSION = YES;
				CLANG_WARN_INT_CONVERSION = YES;
				CLANG_WARN_NON_LITERAL_NULL_CONVERSION = YES;
				CLANG_WARN_OBJC_IMPLICIT_RETAIN_SELF = YES;
				CLANG_WARN_OBJC_LITERAL_CONVERSION = YES;
				CLANG_WARN_OBJC_ROOT_CLASS = YES_ERROR;
				CLANG_WARN_RANGE_LOOP_ANALYSIS = YES;
				CLANG_WARN_STRICT_PROTOTYPES = YES;
				CLANG_WARN_SUSPICIOUS_MOVE = YES;
				CLANG_WARN_UNREACHABLE_CODE = YES;
				CLANG_WARN__DUPLICATE_METHOD_MATCH = YES;
				CODE_SIGN_IDENTITY = "-";
				COPY_PHASE_STRIP = NO;
				DEBUG_INFORMATION_FORMAT = dwarf;
				ENABLE_STRICT_OBJC_MSGSEND = YES;
				ENABLE_TESTABILITY = YES;
				GCC_C_LANGUAGE_STANDARD = gnu99;
				GCC_DYNAMIC_NO_PIC = NO;
				GCC_NO_COMMON_BLOCKS = YES;
				GCC_OPTIMIZATION_LEVEL = 0;
				GCC_PREPROCESSOR_DEFINITIONS = (
					"DEBUG=1",
					"$(inherited)",
				);
				GCC_WARN_64_TO_32_BIT_CONVERSION = YES;
				GCC_WARN_ABOUT_RETURN_TYPE = YES_ERROR;
				GCC_WARN_UNDECLARED_SELECTOR = YES;
				GCC_WARN_UNINITIALIZED_AUTOS = YES_AGGRESSIVE;
				GCC_WARN_UNUSED_FUNCTION = YES;
				GCC_WARN_UNUSED_VARIABLE = YES;
				MTL_ENABLE_DEBUG_INFO = YES;
				ONLY_ACTIVE_ARCH = YES;
				SDKROOT = macosx;
			};
			name = Debug;
		};
		F4AF339B1F696BEE00CA0E84 /* Release */ = {
			isa = XCBuildConfiguration;
			buildSettings = {
				ALWAYS_SEARCH_USER_PATHS = NO;
				CLANG_ANALYZER_NONNULL = YES;
				CLANG_ANALYZER_NUMBER_OBJECT_CONVERSION = YES_AGGRESSIVE;
				CLANG_CXX_LANGUAGE_STANDARD = "gnu++0x";
				CLANG_CXX_LIBRARY = "libc++";
				CLANG_ENABLE_MODULES = YES;
				CLANG_ENABLE_OBJC_ARC = YES;
				CLANG_WARN_BLOCK_CAPTURE_AUTORELEASING = YES;
				CLANG_WARN_BOOL_CONVERSION = YES;
				CLANG_WARN_COMMA = YES;
				CLANG_WARN_CONSTANT_CONVERSION = YES;
				CLANG_WARN_DEPRECATED_OBJC_IMPLEMENTATIONS = YES;
				CLANG_WARN_DIRECT_OBJC_ISA_USAGE = YES_ERROR;
				CLANG_WARN_DOCUMENTATION_COMMENTS = YES;
				CLANG_WARN_EMPTY_BODY = YES;
				CLANG_WARN_ENUM_CONVERSION = YES;
				CLANG_WARN_INFINITE_RECURSION = YES;
				CLANG_WARN_INT_CONVERSION = YES;
				CLANG_WARN_NON_LITERAL_NULL_CONVERSION = YES;
				CLANG_WARN_OBJC_IMPLICIT_RETAIN_SELF = YES;
				CLANG_WARN_OBJC_LITERAL_CONVERSION = YES;
				CLANG_WARN_OBJC_ROOT_CLASS = YES_ERROR;
				CLANG_WARN_RANGE_LOOP_ANALYSIS = YES;
				CLANG_WARN_STRICT_PROTOTYPES = YES;
				CLANG_WARN_SUSPICIOUS_MOVE = YES;
				CLANG_WARN_UNREACHABLE_CODE = YES;
				CLANG_WARN__DUPLICATE_METHOD_MATCH = YES;
				CODE_SIGN_IDENTITY = "-";
				COPY_PHASE_STRIP = NO;
				DEBUG_INFORMATION_FORMAT = "dwarf-with-dsym";
				ENABLE_NS_ASSERTIONS = NO;
				ENABLE_STRICT_OBJC_MSGSEND = YES;
				GCC_C_LANGUAGE_STANDARD = gnu99;
				GCC_NO_COMMON_BLOCKS = YES;
				GCC_WARN_64_TO_32_BIT_CONVERSION = YES;
				GCC_WARN_ABOUT_RETURN_TYPE = YES_ERROR;
				GCC_WARN_UNDECLARED_SELECTOR = YES;
				GCC_WARN_UNINITIALIZED_AUTOS = YES_AGGRESSIVE;
				GCC_WARN_UNUSED_FUNCTION = YES;
				GCC_WARN_UNUSED_VARIABLE = YES;
				MTL_ENABLE_DEBUG_INFO = NO;
				SDKROOT = macosx;
			};
			name = Release;
		};
		F4AF339D1F696BEE00CA0E84 /* Debug */ = {
			isa = XCBuildConfiguration;
			buildSettings = {
				ASSETCATALOG_COMPILER_APPICON_NAME = AppIcon;
				CLANG_CXX_LANGUAGE_STANDARD = "c++17";
				CODE_SIGN_ENTITLEMENTS = "test-macos/test.entitlements";
				CODE_SIGN_IDENTITY = "Mac Developer";
				COMBINE_HIDPI_IMAGES = YES;
				DEVELOPMENT_TEAM = N33TQXN8C7;
				ENABLE_HARDENED_RUNTIME = YES;
				FRAMEWORK_SEARCH_PATHS = (
					"$(inherited)",
					"$(PROJECT_DIR)/framework",
				);
				GCC_C_LANGUAGE_STANDARD = c11;
				HEADER_SEARCH_PATHS = "";
				INFOPLIST_FILE = "test-macos/Info.plist";
				LD_RUNPATH_SEARCH_PATHS = (
					"$(inherited)",
					"@executable_path/../Frameworks",
				);
				LIBRARY_SEARCH_PATHS = "";
				OTHER_LDFLAGS = "";
				PRODUCT_BUNDLE_IDENTIFIER = com.adguard.dnsproxy;
				PRODUCT_NAME = "$(TARGET_NAME)";
				PROVISIONING_PROFILE_SPECIFIER = "";
				STRINGS_FILE_OUTPUT_ENCODING = "UTF-8";
			};
			name = Debug;
		};
		F4AF339E1F696BEE00CA0E84 /* Release */ = {
			isa = XCBuildConfiguration;
			buildSettings = {
				ASSETCATALOG_COMPILER_APPICON_NAME = AppIcon;
				CLANG_CXX_LANGUAGE_STANDARD = "c++17";
				CODE_SIGN_ENTITLEMENTS = "test-macos/test.entitlements";
				CODE_SIGN_IDENTITY = "Mac Developer";
				COMBINE_HIDPI_IMAGES = YES;
				DEVELOPMENT_TEAM = N33TQXN8C7;
				ENABLE_HARDENED_RUNTIME = YES;
				FRAMEWORK_SEARCH_PATHS = (
					"$(inherited)",
					"$(PROJECT_DIR)/framework",
				);
				GCC_C_LANGUAGE_STANDARD = c11;
				HEADER_SEARCH_PATHS = "";
				INFOPLIST_FILE = "test-macos/Info.plist";
				LD_RUNPATH_SEARCH_PATHS = (
					"$(inherited)",
					"@executable_path/../Frameworks",
				);
				LIBRARY_SEARCH_PATHS = "";
				OTHER_LDFLAGS = "";
				PRODUCT_BUNDLE_IDENTIFIER = com.adguard.dnsproxy;
				PRODUCT_NAME = "$(TARGET_NAME)";
				PROVISIONING_PROFILE_SPECIFIER = "";
				STRINGS_FILE_OUTPUT_ENCODING = "UTF-8";
			};
			name = Release;
		};
/* End XCBuildConfiguration section */

/* Begin XCConfigurationList section */
		C41BB40C2379C19B0068C106 /* Build configuration list for PBXLegacyTarget "AGDnsProxy-ios" */ = {
			isa = XCConfigurationList;
			buildConfigurations = (
				C41BB40A2379C19B0068C106 /* Debug */,
				C41BB40B2379C19B0068C106 /* Release */,
			);
			defaultConfigurationIsVisible = 0;
			defaultConfigurationName = Release;
		};
		C42068B123B0D0B800DA1B77 /* Build configuration list for PBXLegacyTarget "AGDnsProxy" */ = {
			isa = XCConfigurationList;
			buildConfigurations = (
				C42068AF23B0D0B800DA1B77 /* Debug */,
				C42068B023B0D0B800DA1B77 /* Release */,
			);
			defaultConfigurationIsVisible = 0;
			defaultConfigurationName = Release;
		};
		C4423F7723794EA900FD1D4C /* Build configuration list for PBXNativeTarget "ext-ios" */ = {
			isa = XCConfigurationList;
			buildConfigurations = (
				C4423F7823794EA900FD1D4C /* Debug */,
				C4423F7923794EA900FD1D4C /* Release */,
			);
			defaultConfigurationIsVisible = 0;
			defaultConfigurationName = Release;
		};
		C4423F9D2379559D00FD1D4C /* Build configuration list for PBXNativeTarget "test-ios" */ = {
			isa = XCConfigurationList;
			buildConfigurations = (
				C4423F9E2379559D00FD1D4C /* Debug */,
				C4423F9F2379559D00FD1D4C /* Release */,
			);
			defaultConfigurationIsVisible = 0;
			defaultConfigurationName = Release;
		};
		C4B58FDD237188E50044CE54 /* Build configuration list for PBXLegacyTarget "AGDnsProxy-macos" */ = {
			isa = XCConfigurationList;
			buildConfigurations = (
				C4B58FDE237188E50044CE54 /* Debug */,
				C4B58FDF237188E50044CE54 /* Release */,
			);
			defaultConfigurationIsVisible = 0;
			defaultConfigurationName = Release;
		};
		F499C4531F6A9D0D00FB55F8 /* Build configuration list for PBXNativeTarget "ext-macos" */ = {
			isa = XCConfigurationList;
			buildConfigurations = (
				F499C4541F6A9D0D00FB55F8 /* Debug */,
				F499C4551F6A9D0D00FB55F8 /* Release */,
			);
			defaultConfigurationIsVisible = 0;
			defaultConfigurationName = Release;
		};
		F4AF33831F696BEE00CA0E84 /* Build configuration list for PBXProject "test" */ = {
			isa = XCConfigurationList;
			buildConfigurations = (
				F4AF339A1F696BEE00CA0E84 /* Debug */,
				F4AF339B1F696BEE00CA0E84 /* Release */,
			);
			defaultConfigurationIsVisible = 0;
			defaultConfigurationName = Release;
		};
		F4AF339C1F696BEE00CA0E84 /* Build configuration list for PBXNativeTarget "test-macos" */ = {
			isa = XCConfigurationList;
			buildConfigurations = (
				F4AF339D1F696BEE00CA0E84 /* Debug */,
				F4AF339E1F696BEE00CA0E84 /* Release */,
			);
			defaultConfigurationIsVisible = 0;
			defaultConfigurationName = Release;
		};
/* End XCConfigurationList section */
	};
	rootObject = F4AF33801F696BEE00CA0E84 /* Project object */;
}
